
Microsoft Visual Studio Solution File, Format Version 12.00
# Visual Studio Version 16
VisualStudioVersion = 16.0.34301.259
MinimumVisualStudioVersion = 10.0.40219.1
Project("{FAE04EC0-301F-11D3-BF4B-00C04F79EFBC}") = "PickAUniqueCardUI", "PickACardUI\PickAUniqueCardUI.csproj", "{B2141728-BC6D-4FA6-88F7-2E926A9ACEFA}"
EndProject
Global
	GlobalSection(SolutionConfigurationPlatforms) = preSolution
		Debug|Any CPU = Debug|Any CPU
		Release|Any CPU = Release|Any CPU
	EndGlobalSection
	GlobalSection(ProjectConfigurationPlatforms) = postSolution
		{B2141728-BC6D-4FA6-88F7-2E926A9ACEFA}.Debug|Any CPU.ActiveCfg = Debug|Any CPU
		{B2141728-BC6D-4FA6-88F7-2E926A9ACEFA}.Debug|Any CPU.Build.0 = Debug|Any CPU
		{B2141728-BC6D-4FA6-88F7-2E926A9ACEFA}.Release|Any CPU.ActiveCfg = Release|Any CPU
		{B2141728-BC6D-4FA6-88F7-2E926A9ACEFA}.Release|Any CPU.Build.0 = Release|Any CPU
	EndGlobalSection
	GlobalSection(SolutionProperties) = preSolution
		HideSolutionNode = FALSE
	EndGlobalSection
	GlobalSection(ExtensibilityGlobals) = postSolution
		SolutionGuid = {78D326C4-172E-46EC-A615-EFC7DB45F132}
	EndGlobalSection
EndGlobal
